# This file is automatically @generated by Cargo.
# It is not intended for manual editing.
version = 4

[[package]]
name = "assert_float_eq"
version = "1.1.4"
source = "registry+https://github.com/rust-lang/crates.io-index"
checksum = "10d2119f741b79fe9907f5396d19bffcb46568cfcc315e78677d731972ac7085"

[[package]]
name = "bitbit"
version = "0.2.0"
source = "registry+https://github.com/rust-lang/crates.io-index"
checksum = "341ee439c53e593fa7de26dead9515601539b6cf9a53e3368c1405471e3ea322"

[[package]]
name = "get_dir"
version = "0.5.0"
source = "registry+https://github.com/rust-lang/crates.io-index"
checksum = "a7be53a543a609b266f8ed4237af223fa96bdaa54d69fd6845c71a421a4a4748"

[[package]]
name = "toy-ac"
version = "0.1.0"
dependencies = [
 "assert_float_eq",
 "bitbit",
 "workspace_root",
]

[[package]]
name = "workspace_root"
version = "0.2.0"
source = "registry+https://github.com/rust-lang/crates.io-index"
checksum = "70d804157714956faa87af2ccf3ea2917a7e588c84c6e0a473311c1fca161818"
dependencies = [
 "get_dir",
]
